
Microsoft Visual Studio Solution File, Format Version 12.00
# Visual Studio Version 17
VisualStudioVersion = 17.3.32825.248
MinimumVisualStudioVersion = 10.0.40219.1
Project("{8BC9CEB8-8B4A-11D0-8D11-00A0C91BC942}") = "ContainersBeginProject", "ContainersBeginProject\ContainersBeginProject.vcxproj", "{D1CC3843-4522-4FF8-B699-CEBE9C7A5550}"
EndProject
Global
	GlobalSection(SolutionConfigurationPlatforms) = preSolution
		Debug|x64 = Debug|x64
		Debug|x86 = Debug|x86
		Release|x64 = Release|x64
		Release|x86 = Release|x86
	EndGlobalSection
	GlobalSection(ProjectConfigurationPlatforms) = postSolution
		{D1CC3843-4522-4FF8-B699-CEBE9C7A5550}.Debug|x64.ActiveCfg = Debug|x64
		{D1CC3843-4522-4FF8-B699-CEBE9C7A5550}.Debug|x64.Build.0 = Debug|x64
		{D1CC3843-4522-4FF8-B699-CEBE9C7A5550}.Debug|x86.ActiveCfg = Debug|Win32
		{D1CC3843-4522-4FF8-B699-CEBE9C7A5550}.Debug|x86.Build.0 = Debug|Win32
		{D1CC3843-4522-4FF8-B699-CEBE9C7A5550}.Release|x64.ActiveCfg = Release|x64
		{D1CC3843-4522-4FF8-B699-CEBE9C7A5550}.Release|x64.Build.0 = Release|x64
		{D1CC3843-4522-4FF8-B699-CEBE9C7A5550}.Release|x86.ActiveCfg = Release|Win32
		{D1CC3843-4522-4FF8-B699-CEBE9C7A5550}.Release|x86.Build.0 = Release|Win32
	EndGlobalSection
	GlobalSection(SolutionProperties) = preSolution
		HideSolutionNode = FALSE
	EndGlobalSection
	GlobalSection(ExtensibilityGlobals) = postSolution
		SolutionGuid = {4DA5D395-2844-4808-8DE0-3661BA5F1CD6}
	EndGlobalSection
EndGlobal
